
Microsoft Visual Studio Solution File, Format Version 12.00
# Visual Studio Version 16
VisualStudioVersion = 16.0.29102.190
MinimumVisualStudioVersion = 10.0.40219.1
Project("{2150E333-8FDC-42A3-9474-1A3956D46DE8}") = "Solution Items", "Solution Items", "{BDC2A760-533F-4296-8EF9-33EC98D0F521}"
EndProject
Project("{9A19103F-16F7-4668-BE54-9A1E7A4F7556}") = "EmailManagerExe", "EmailManagerExe\EmailManagerExe.csproj", "{1E489E5D-8CE3-400D-AB16-D1DBFD7C2D35}"
EndProject
Project("{9A19103F-16F7-4668-BE54-9A1E7A4F7556}") = "Infrastructure.EmailManager", "Infrastructure.EmailManager\Infrastructure.EmailManager.csproj", "{24C1CE64-E795-4454-B22A-05BCDB334DAC}"
EndProject
Project("{FAE04EC0-301F-11D3-BF4B-00C04F79EFBC}") = "DdotM.EmailClient.Mailgun", "DdotM.EmailClient.Mailgun\DdotM.EmailClient.Mailgun.csproj", "{18B03925-0C0E-4E92-AB68-E548E0325515}"
EndProject
Project("{FAE04EC0-301F-11D3-BF4B-00C04F79EFBC}") = "DdotM.EmailClient.Common", "DdotM.EmailClient.Common\DdotM.EmailClient.Common.csproj", "{B65E7B18-9E64-46FB-91CB-23A62307142C}"
EndProject
Global
	GlobalSection(SolutionConfigurationPlatforms) = preSolution
		Debug|Any CPU = Debug|Any CPU
		Release|Any CPU = Release|Any CPU
	EndGlobalSection
	GlobalSection(ProjectConfigurationPlatforms) = postSolution
		{1E489E5D-8CE3-400D-AB16-D1DBFD7C2D35}.Debug|Any CPU.ActiveCfg = Debug|Any CPU
		{1E489E5D-8CE3-400D-AB16-D1DBFD7C2D35}.Debug|Any CPU.Build.0 = Debug|Any CPU
		{1E489E5D-8CE3-400D-AB16-D1DBFD7C2D35}.Release|Any CPU.ActiveCfg = Release|Any CPU
		{1E489E5D-8CE3-400D-AB16-D1DBFD7C2D35}.Release|Any CPU.Build.0 = Release|Any CPU
		{24C1CE64-E795-4454-B22A-05BCDB334DAC}.Debug|Any CPU.ActiveCfg = Debug|Any CPU
		{24C1CE64-E795-4454-B22A-05BCDB334DAC}.Debug|Any CPU.Build.0 = Debug|Any CPU
		{24C1CE64-E795-4454-B22A-05BCDB334DAC}.Release|Any CPU.ActiveCfg = Release|Any CPU
		{24C1CE64-E795-4454-B22A-05BCDB334DAC}.Release|Any CPU.Build.0 = Release|Any CPU
		{18B03925-0C0E-4E92-AB68-E548E0325515}.Debug|Any CPU.ActiveCfg = Debug|Any CPU
		{18B03925-0C0E-4E92-AB68-E548E0325515}.Debug|Any CPU.Build.0 = Debug|Any CPU
		{18B03925-0C0E-4E92-AB68-E548E0325515}.Release|Any CPU.ActiveCfg = Release|Any CPU
		{18B03925-0C0E-4E92-AB68-E548E0325515}.Release|Any CPU.Build.0 = Release|Any CPU
		{B65E7B18-9E64-46FB-91CB-23A62307142C}.Debug|Any CPU.ActiveCfg = Debug|Any CPU
		{B65E7B18-9E64-46FB-91CB-23A62307142C}.Debug|Any CPU.Build.0 = Debug|Any CPU
		{B65E7B18-9E64-46FB-91CB-23A62307142C}.Release|Any CPU.ActiveCfg = Release|Any CPU
		{B65E7B18-9E64-46FB-91CB-23A62307142C}.Release|Any CPU.Build.0 = Release|Any CPU
	EndGlobalSection
	GlobalSection(SolutionProperties) = preSolution
		HideSolutionNode = FALSE
	EndGlobalSection
	GlobalSection(ExtensibilityGlobals) = postSolution
		SolutionGuid = {DDAF1839-85B2-483C-AF57-086D0B997F6F}
	EndGlobalSection
EndGlobal
