<Solution>
  <Folder Name="/.pipelines/">
    <File Path=".pipelines/azure-pipelines.yml" />
  </Folder>
  <Folder Name="/Solution Items/">
    <File Path="AGENT.md" />
    <File Path="CONTRIBUTING.md" />
    <File Path="README.md" />
    <File Path=".gitignore" />
    <File Path=".editorconfig" />
    <File Path="LICENSE" />
  </Folder>
  <Folder Name="/tests/">
    <Project Path="tests/IdempotentCookie.Email.DependencyInjection.Tests/IdempotentCookie.Email.DependencyInjection.Tests.csproj" />
    <Project Path="tests/IdempotentCookie.Email.Mailgun.Tests/IdempotentCookie.Email.Mailgun.Tests.csproj" />
    <Project Path="tests/IdempotentCookie.Email.Smtp.Tests/IdempotentCookie.Email.Smtp.Tests.csproj" />
    <Project Path="tests/IdempotentCookie.Email.SendGrid.Tests/IdempotentCookie.Email.SendGrid.Tests.csproj" />
  </Folder>
  <Folder Name="/src/">
    <Project Path="src/IdempotentCookie.Email.Infrastructure/IdempotentCookie.Email.Infrastructure.csproj" />
    <Project Path="src/IdempotentCookie.Email.Package/IdempotentCookie.Email.Package.csproj" />
    <Project Path="src/IdempotentCookie.Email.Smtp/IdempotentCookie.Email.Smtp.csproj" />
    <Project Path="src/IdempotentCookie.Email.Mailgun/IdempotentCookie.Email.Mailgun.csproj" />
    <Project Path="src/IdempotentCookie.Email.SendGrid/IdempotentCookie.Email.SendGrid.csproj" />
  </Folder>
  <Project Path="EmailClientTester/EmailClientTester.csproj" />
</Solution>
